Microsoft Visual Studio Solution File, Format Version 12.00
# Visual Studio Version 17
VisualStudioVersion = 17.5.2.0
MinimumVisualStudioVersion = 10.0.40219.1
Project("{FAE04EC0-301F-11D3-BF4B-00C04F79EFBC}") = "NCA.LogParser", "NCA.LogParser\NCA.LogParser.csproj", "{675595D1-2636-9FBE-7030-7BD36829DC22}"
EndProject
Global
	GlobalSection(SolutionConfigurationPlatforms) = preSolution
		Debug|Any CPU = Debug|Any CPU
		Release|Any CPU = Release|Any CPU
	EndGlobalSection
	GlobalSection(ProjectConfigurationPlatforms) = postSolution
		{675595D1-2636-9FBE-7030-7BD36829DC22}.Debug|Any CPU.ActiveCfg = Debug|Any CPU
		{675595D1-2636-9FBE-7030-7BD36829DC22}.Debug|Any CPU.Build.0 = Debug|Any CPU
		{675595D1-2636-9FBE-7030-7BD36829DC22}.Release|Any CPU.ActiveCfg = Release|Any CPU
		{675595D1-2636-9FBE-7030-7BD36829DC22}.Release|Any CPU.Build.0 = Release|Any CPU
	EndGlobalSection
	GlobalSection(SolutionProperties) = preSolution
		HideSolutionNode = FALSE
	EndGlobalSection
	GlobalSection(ExtensibilityGlobals) = postSolution
		SolutionGuid = {54479D03-60CC-449D-9FD7-07612929D819}
	EndGlobalSection
EndGlobal
